
Microsoft Visual Studio Solution File, Format Version 12.00
# Visual Studio Version 17
VisualStudioVersion = 17.2.32616.157
MinimumVisualStudioVersion = 10.0.40219.1
Project("{FAE04EC0-301F-11D3-BF4B-00C04F79EFBC}") = "RPG-Game", "RPG-Game\RPG-Game.csproj", "{F14916E2-BA0C-43AA-85D3-71FE57428286}"
EndProject
Global
	GlobalSection(SolutionConfigurationPlatforms) = preSolution
		Debug|Any CPU = Debug|Any CPU
		Release|Any CPU = Release|Any CPU
	EndGlobalSection
	GlobalSection(ProjectConfigurationPlatforms) = postSolution
		{F14916E2-BA0C-43AA-85D3-71FE57428286}.Debug|Any CPU.ActiveCfg = Debug|Any CPU
		{F14916E2-BA0C-43AA-85D3-71FE57428286}.Debug|Any CPU.Build.0 = Debug|Any CPU
		{F14916E2-BA0C-43AA-85D3-71FE57428286}.Release|Any CPU.ActiveCfg = Release|Any CPU
		{F14916E2-BA0C-43AA-85D3-71FE57428286}.Release|Any CPU.Build.0 = Release|Any CPU
	EndGlobalSection
	GlobalSection(SolutionProperties) = preSolution
		HideSolutionNode = FALSE
	EndGlobalSection
	GlobalSection(ExtensibilityGlobals) = postSolution
		SolutionGuid = {9DAA2AEA-3CF1-4F2A-A6A5-A0CC66168CA8}
	EndGlobalSection
EndGlobal
